
Microsoft Visual Studio Solution File, Format Version 12.00
# Visual Studio Version 17
VisualStudioVersion = 17.11.35327.3
MinimumVisualStudioVersion = 10.0.40219.1
Project("{9A19103F-16F7-4668-BE54-9A1E7A4F7556}") = "LessonNetCore", "LessonNetCore.csproj", "{86021BDE-6583-4D22-BD4F-86BFF92B9062}"
EndProject
Project("{FAE04EC0-301F-11D3-BF4B-00C04F79EFBC}") = "Domain", "..\Domain\Domain.csproj", "{8911F2FE-7818-476D-B8E6-C1DC54206739}"
EndProject
Project("{FAE04EC0-301F-11D3-BF4B-00C04F79EFBC}") = "DataAccess", "..\DataAccess\DataAccess.csproj", "{A8B00623-EEBE-4064-9034-681ED4D5C91F}"
EndProject
Global
	GlobalSection(SolutionConfigurationPlatforms) = preSolution
		Debug|Any CPU = Debug|Any CPU
		Release|Any CPU = Release|Any CPU
	EndGlobalSection
	GlobalSection(ProjectConfigurationPlatforms) = postSolution
		{86021BDE-6583-4D22-BD4F-86BFF92B9062}.Debug|Any CPU.ActiveCfg = Debug|Any CPU
		{86021BDE-6583-4D22-BD4F-86BFF92B9062}.Debug|Any CPU.Build.0 = Debug|Any CPU
		{86021BDE-6583-4D22-BD4F-86BFF92B9062}.Release|Any CPU.ActiveCfg = Release|Any CPU
		{86021BDE-6583-4D22-BD4F-86BFF92B9062}.Release|Any CPU.Build.0 = Release|Any CPU
		{8911F2FE-7818-476D-B8E6-C1DC54206739}.Debug|Any CPU.ActiveCfg = Debug|Any CPU
		{8911F2FE-7818-476D-B8E6-C1DC54206739}.Debug|Any CPU.Build.0 = Debug|Any CPU
		{8911F2FE-7818-476D-B8E6-C1DC54206739}.Release|Any CPU.ActiveCfg = Release|Any CPU
		{8911F2FE-7818-476D-B8E6-C1DC54206739}.Release|Any CPU.Build.0 = Release|Any CPU
		{A8B00623-EEBE-4064-9034-681ED4D5C91F}.Debug|Any CPU.ActiveCfg = Debug|Any CPU
		{A8B00623-EEBE-4064-9034-681ED4D5C91F}.Debug|Any CPU.Build.0 = Debug|Any CPU
		{A8B00623-EEBE-4064-9034-681ED4D5C91F}.Release|Any CPU.ActiveCfg = Release|Any CPU
		{A8B00623-EEBE-4064-9034-681ED4D5C91F}.Release|Any CPU.Build.0 = Release|Any CPU
	EndGlobalSection
	GlobalSection(SolutionProperties) = preSolution
		HideSolutionNode = FALSE
	EndGlobalSection
	GlobalSection(ExtensibilityGlobals) = postSolution
		SolutionGuid = {A7C57877-0693-4CF5-93A0-E5F6D40E4594}
	EndGlobalSection
EndGlobal
